
Microsoft Visual Studio Solution File, Format Version 12.00
# Visual Studio 15
VisualStudioVersion = 15.0.28307.572
MinimumVisualStudioVersion = 10.0.40219.1
Project("{FAE04EC0-301F-11D3-BF4B-00C04F79EFBC}") = "PhoneRemote", "PhoneRemote\PhoneRemote.csproj", "{EE02FAB9-2B77-4C0B-963E-23195EF23502}"
EndProject
Project("{54435603-DBB4-11D2-8724-00A0C9A8B90C}") = "PhoneRemoteSetup", "PhoneRemoteSetup\PhoneRemoteSetup.vdproj", "{0B457C6B-96E1-4D5F-855D-F6352C1D3030}"
EndProject
Global
	GlobalSection(SolutionConfigurationPlatforms) = preSolution
		Debug|Any CPU = Debug|Any CPU
		Release|Any CPU = Release|Any CPU
	EndGlobalSection
	GlobalSection(ProjectConfigurationPlatforms) = postSolution
		{EE02FAB9-2B77-4C0B-963E-23195EF23502}.Debug|Any CPU.ActiveCfg = Debug|Any CPU
		{EE02FAB9-2B77-4C0B-963E-23195EF23502}.Debug|Any CPU.Build.0 = Debug|Any CPU
		{EE02FAB9-2B77-4C0B-963E-23195EF23502}.Release|Any CPU.ActiveCfg = Release|Any CPU
		{EE02FAB9-2B77-4C0B-963E-23195EF23502}.Release|Any CPU.Build.0 = Release|Any CPU
		{0B457C6B-96E1-4D5F-855D-F6352C1D3030}.Debug|Any CPU.ActiveCfg = Debug
		{0B457C6B-96E1-4D5F-855D-F6352C1D3030}.Release|Any CPU.ActiveCfg = Release
	EndGlobalSection
	GlobalSection(SolutionProperties) = preSolution
		HideSolutionNode = FALSE
	EndGlobalSection
	GlobalSection(ExtensibilityGlobals) = postSolution
		SolutionGuid = {BA3EC464-FCA7-4939-BA5B-F7302ACCBE72}
	EndGlobalSection
EndGlobal
